// !$*UTF8*$!
{
	archiveVersion = 1;
	classes = {
	};
	objectVersion = 50;
	objects = {

/* Begin PBXBuildFile section */
		57577B30242A5D620010E523 /* AppDelegate.swift in Sources */ = {isa = PBXBuildFile; fileRef = 57577B2F242A5D620010E523 /* AppDelegate.swift */; };
		57577B32242A5D620010E523 /* SceneDelegate.swift in Sources */ = {isa = PBXBuildFile; fileRef = 57577B31242A5D620010E523 /* SceneDelegate.swift */; };
		57577B34242A5D620010E523 /* ContentView.swift in Sources */ = {isa = PBXBuildFile; fileRef = 57577B33242A5D620010E523 /* ContentView.swift */; };
		57577B36242A5D630010E523 /* Assets.xcassets in Resources */ = {isa = PBXBuildFile; fileRef = 57577B35242A5D630010E523 /* Assets.xcassets */; };
		57577B39242A5D630010E523 /* Preview Assets.xcassets in Resources */ = {isa = PBXBuildFile; fileRef = 57577B38242A5D630010E523 /* Preview Assets.xcassets */; };
		57577B3C242A5D630010E523 /* LaunchScreen.storyboard in Resources */ = {isa = PBXBuildFile; fileRef = 57577B3A242A5D630010E523 /* LaunchScreen.storyboard */; };
		57577B45242A5DD80010E523 /* Color+Extension.swift in Sources */ = {isa = PBXBuildFile; fileRef = 57577B43242A5D7B0010E523 /* Color+Extension.swift */; };
		57577B47242A5EA30010E523 /* SimpleButtonStyle.swift in Sources */ = {isa = PBXBuildFile; fileRef = 57577B46242A5EA30010E523 /* SimpleButtonStyle.swift */; };
		57577B49242A60EE0010E523 /* LinearGradient+Extension.swift in Sources */ = {isa = PBXBuildFile; fileRef = 57577B48242A60EE0010E523 /* LinearGradient+Extension.swift */; };
		57577B4B242A62990010E523 /* DarkBackground.swift in Sources */ = {isa = PBXBuildFile; fileRef = 57577B4A242A62990010E523 /* DarkBackground.swift */; };
		57577B4D242A630F0010E523 /* DarkButtonStyle.swift in Sources */ = {isa = PBXBuildFile; fileRef = 57577B4C242A630F0010E523 /* DarkButtonStyle.swift */; };
/* End PBXBuildFile section */

/* Begin PBXFileReference section */
		57577B2C242A5D620010E523 /* Neumorphism.app */ = {isa = PBXFileReference; explicitFileType = wrapper.application; includeInIndex = 0; path = Neumorphism.app; sourceTree = BUILT_PRODUCTS_DIR; };
		57577B2F242A5D620010E523 /* AppDelegate.swift */ = {isa = PBXFileReference; lastKnownFileType = sourcecode.swift; path = AppDelegate.swift; sourceTree = "<group>"; };
		57577B31242A5D620010E523 /* SceneDelegate.swift */ = {isa = PBXFileReference; lastKnownFileType = sourcecode.swift; path = SceneDelegate.swift; sourceTree = "<group>"; };
		57577B33242A5D620010E523 /* ContentView.swift */ = {isa = PBXFileReference; lastKnownFileType = sourcecode.swift; path = ContentView.swift; sourceTree = "<group>"; };
		57577B35242A5D630010E523 /* Assets.xcassets */ = {isa = PBXFileReference; lastKnownFileType = folder.assetcatalog; path = Assets.xcassets; sourceTree = "<group>"; };
		57577B38242A5D630010E523 /* Preview Assets.xcassets */ = {isa = PBXFileReference; lastKnownFileType = folder.assetcatalog; path = "Preview Assets.xcassets"; sourceTree = "<group>"; };
		57577B3B242A5D630010E523 /* Base */ = {isa = PBXFileReference; lastKnownFileType = file.storyboard; name = Base; path = Base.lproj/LaunchScreen.storyboard; sourceTree = "<group>"; };
		57577B3D242A5D630010E523 /* Info.plist */ = {isa = PBXFileReference; lastKnownFileType = text.plist.xml; path = Info.plist; sourceTree = "<group>"; };
		57577B43242A5D7B0010E523 /* Color+Extension.swift */ = {isa = PBXFileReference; lastKnownFileType = sourcecode.swift; path = "Color+Extension.swift"; sourceTree = "<group>"; };
		57577B46242A5EA30010E523 /* SimpleButtonStyle.swift */ = {isa = PBXFileReference; lastKnownFileType = sourcecode.swift; path = SimpleButtonStyle.swift; sourceTree = "<group>"; };
		57577B48242A60EE0010E523 /* LinearGradient+Extension.swift */ = {isa = PBXFileReference; lastKnownFileType = sourcecode.swift; path = "LinearGradient+Extension.swift"; sourceTree = "<group>"; };
		57577B4A242A62990010E523 /* DarkBackground.swift */ = {isa = PBXFileReference; lastKnownFileType = sourcecode.swift; path = DarkBackground.swift; sourceTree = "<group>"; };
		57577B4C242A630F0010E523 /* DarkButtonStyle.swift */ = {isa = PBXFileReference; lastKnownFileType = sourcecode.swift; path = DarkButtonStyle.swift; sourceTree = "<group>"; };
/* End PBXFileReference section */

/* Begin PBXFrameworksBuildPhase section */
		57577B29242A5D620010E523 /* Frameworks */ = {
			isa = PBXFrameworksBuildPhase;
			buildActionMask = 2147483647;
			files = (
			);
			runOnlyForDeploymentPostprocessing = 0;
		};
/* End PBXFrameworksBuildPhase section */

/* Begin PBXGroup section */
		57577B23242A5D620010E523 = {
			isa = PBXGroup;
			children = (
				57577B4C242A630F0010E523 /* DarkButtonStyle.swift */,
				57577B2E242A5D620010E523 /* Neumorphism */,
				57577B2D242A5D620010E523 /* Products */,
			);
			sourceTree = "<group>";
		};
		57577B2D242A5D620010E523 /* Products */ = {
			isa = PBXGroup;
			children = (
				57577B2C242A5D620010E523 /* Neumorphism.app */,
			);
			name = Products;
			sourceTree = "<group>";
		};
		57577B2E242A5D620010E523 /* Neumorphism */ = {
			isa = PBXGroup;
			children = (
				57577B2F242A5D620010E523 /* AppDelegate.swift */,
				57577B46242A5EA30010E523 /* SimpleButtonStyle.swift */,
				57577B43242A5D7B0010E523 /* Color+Extension.swift */,
				57577B4A242A62990010E523 /* DarkBackground.swift */,
				57577B48242A60EE0010E523 /* LinearGradient+Extension.swift */,
				57577B31242A5D620010E523 /* SceneDelegate.swift */,
				57577B33242A5D620010E523 /* ContentView.swift */,
				57577B35242A5D630010E523 /* Assets.xcassets */,
				57577B3A242A5D630010E523 /* LaunchScreen.storyboard */,
				57577B3D242A5D630010E523 /* Info.plist */,
				57577B37242A5D630010E523 /* Preview Content */,
			);
			path = Neumorphism;
			sourceTree = "<group>";
		};
		57577B37242A5D630010E523 /* Preview Content */ = {
			isa = PBXGroup;
			children = (
				57577B38242A5D630010E523 /* Preview Assets.xcassets */,
			);
			path = "Preview Content";
			sourceTree = "<group>";
		};
/* End PBXGroup section */

/* Begin PBXNativeTarget section */
		57577B2B242A5D620010E523 /* Neumorphism */ = {
			isa = PBXNativeTarget;
			buildConfigurationList = 57577B40242A5D630010E523 /* Build configuration list for PBXNativeTarget "Neumorphism" */;
			buildPhases = (
				57577B28242A5D620010E523 /* Sources */,
				57577B29242A5D620010E523 /* Frameworks */,
				57577B2A242A5D620010E523 /* Resources */,
			);
			buildRules = (
			);
			dependencies = (
			);
			name = Neumorphism;
			productName = Neumorphism;
			productReference = 57577B2C242A5D620010E523 /* Neumorphism.app */;
			productType = "com.apple.product-type.application";
		};
/* End PBXNativeTarget section */

/* Begin PBXProject section */
		57577B24242A5D620010E523 /* Project object */ = {
			isa = PBXProject;
			attributes = {
				LastSwiftUpdateCheck = 1130;
				LastUpgradeCheck = 1130;
				ORGANIZATIONNAME = "Zach Frew";
				TargetAttributes = {
					57577B2B242A5D620010E523 = {
						CreatedOnToolsVersion = 11.3.1;
					};
				};
			};
			buildConfigurationList = 57577B27242A5D620010E523 /* Build configuration list for PBXProject "Neumorphism" */;
			compatibilityVersion = "Xcode 9.3";
			developmentRegion = en;
			hasScannedForEncodings = 0;
			knownRegions = (
				en,
				Base,
			);
			mainGroup = 57577B23242A5D620010E523;
			productRefGroup = 57577B2D242A5D620010E523 /* Products */;
			projectDirPath = "";
			projectRoot = "";
			targets = (
				57577B2B242A5D620010E523 /* Neumorphism */,
			);
		};
/* End PBXProject section */

/* Begin PBXResourcesBuildPhase section */
		57577B2A242A5D620010E523 /* Resources */ = {
			isa = PBXResourcesBuildPhase;
			buildActionMask = 2147483647;
			files = (
				57577B3C242A5D630010E523 /* LaunchScreen.storyboard in Resources */,
				57577B39242A5D630010E523 /* Preview Assets.xcassets in Resources */,
				57577B36242A5D630010E523 /* Assets.xcassets in Resources */,
			);
			runOnlyForDeploymentPostprocessing = 0;
		};
/* End PBXResourcesBuildPhase section */

/* Begin PBXSourcesBuildPhase section */
		57577B28242A5D620010E523 /* Sources */ = {
			isa = PBXSourcesBuildPhase;
			buildActionMask = 2147483647;
			files = (
				57577B47242A5EA30010E523 /* SimpleButtonStyle.swift in Sources */,
				57577B4B242A62990010E523 /* DarkBackground.swift in Sources */,
				57577B30242A5D620010E523 /* AppDelegate.swift in Sources */,
				57577B49242A60EE0010E523 /* LinearGradient+Extension.swift in Sources */,
				57577B32242A5D620010E523 /* SceneDelegate.swift in Sources */,
				57577B34242A5D620010E523 /* ContentView.swift in Sources */,
				57577B45242A5DD80010E523 /* Color+Extension.swift in Sources */,
				57577B4D242A630F0010E523 /* DarkButtonStyle.swift in Sources */,
			);
			runOnlyForDeploymentPostprocessing = 0;
		};
/* End PBXSourcesBuildPhase section */

/* Begin PBXVariantGroup section */
		57577B3A242A5D630010E523 /* LaunchScreen.storyboard */ = {
			isa = PBXVariantGroup;
			children = (
				57577B3B242A5D630010E523 /* Base */,
			);
			name = LaunchScreen.storyboard;
			sourceTree = "<group>";
		};
/* End PBXVariantGroup section */

/* Begin XCBuildConfiguration section */
		57577B3E242A5D630010E523 /* Debug */ = {
			isa = XCBuildConfiguration;
			buildSettings = {
				ALWAYS_SEARCH_USER_PATHS = NO;
				CLANG_ANALYZER_NONNULL = YES;
				CLANG_ANALYZER_NUMBER_OBJECT_CONVERSION = YES_AGGRESSIVE;
				CLANG_CXX_LANGUAGE_STANDARD = "gnu++14";
				CLANG_CXX_LIBRARY = "libc++";
				CLANG_ENABLE_MODULES = YES;
				CLANG_ENABLE_OBJC_ARC = YES;
				CLANG_ENABLE_OBJC_WEAK = YES;
				CLANG_WARN_BLOCK_CAPTURE_AUTORELEASING = YES;
				CLANG_WARN_BOOL_CONVERSION = YES;
				CLANG_WARN_COMMA = YES;
				CLANG_WARN_CONSTANT_CONVERSION = YES;
				CLANG_WARN_DEPRECATED_OBJC_IMPLEMENTATIONS = YES;
				CLANG_WARN_DIRECT_OBJC_ISA_USAGE = YES_ERROR;
				CLANG_WARN_DOCUMENTATION_COMMENTS = YES;
				CLANG_WARN_EMPTY_BODY = YES;
				CLANG_WARN_ENUM_CONVERSION = YES;
				CLANG_WARN_INFINITE_RECURSION = YES;
				CLANG_WARN_INT_CONVERSION = YES;
				CLANG_WARN_NON_LITERAL_NULL_CONVERSION = YES;
				CLANG_WARN_OBJC_IMPLICIT_RETAIN_SELF = YES;
				CLANG_WARN_OBJC_LITERAL_CONVERSION = YES;
				CLANG_WARN_OBJC_ROOT_CLASS = YES_ERROR;
				CLANG_WARN_RANGE_LOOP_ANALYSIS = YES;
				CLANG_WARN_STRICT_PROTOTYPES = YES;
				CLANG_WARN_SUSPICIOUS_MOVE = YES;
				CLANG_WARN_UNGUARDED_AVAILABILITY = YES_AGGRESSIVE;
				CLANG_WARN_UNREACHABLE_CODE = YES;
				CLANG_WARN__DUPLICATE_METHOD_MATCH = YES;
				COPY_PHASE_STRIP = NO;
				DEBUG_INFORMATION_FORMAT = dwarf;
				ENABLE_STRICT_OBJC_MSGSEND = YES;
				ENABLE_TESTABILITY = YES;
				GCC_C_LANGUAGE_STANDARD = gnu11;
				GCC_DYNAMIC_NO_PIC = NO;
				GCC_NO_COMMON_BLOCKS = YES;
				GCC_OPTIMIZATION_LEVEL = 0;
				GCC_PREPROCESSOR_DEFINITIONS = (
					"DEBUG=1",
					"$(inherited)",
				);
				GCC_WARN_64_TO_32_BIT_CONVERSION = YES;
				GCC_WARN_ABOUT_RETURN_TYPE = YES_ERROR;
				GCC_WARN_UNDECLARED_SELECTOR = YES;
				GCC_WARN_UNINITIALIZED_AUTOS = YES_AGGRESSIVE;
				GCC_WARN_UNUSED_FUNCTION = YES;
				GCC_WARN_UNUSED_VARIABLE = YES;
				IPHONEOS_DEPLOYMENT_TARGET = 13.2;
				MTL_ENABLE_DEBUG_INFO = INCLUDE_SOURCE;
				MTL_FAST_MATH = YES;
				ONLY_ACTIVE_ARCH = YES;
				SDKROOT = iphoneos;
				SWIFT_ACTIVE_COMPILATION_CONDITIONS = DEBUG;
				SWIFT_OPTIMIZATION_LEVEL = "-Onone";
			};
			name = Debug;
		};
		57577B3F242A5D630010E523 /* Release */ = {
			isa = XCBuildConfiguration;
			buildSettings = {
				ALWAYS_SEARCH_USER_PATHS = NO;
				CLANG_ANALYZER_NONNULL = YES;
				CLANG_ANALYZER_NUMBER_OBJECT_CONVERSION = YES_AGGRESSIVE;
				CLANG_CXX_LANGUAGE_STANDARD = "gnu++14";
				CLANG_CXX_LIBRARY = "libc++";
				CLANG_ENABLE_MODULES = YES;
				CLANG_ENABLE_OBJC_ARC = YES;
				CLANG_ENABLE_OBJC_WEAK = YES;
				CLANG_WARN_BLOCK_CAPTURE_AUTORELEASING = YES;
				CLANG_WARN_BOOL_CONVERSION = YES;
				CLANG_WARN_COMMA = YES;
				CLANG_WARN_CONSTANT_CONVERSION = YES;
				CLANG_WARN_DEPRECATED_OBJC_IMPLEMENTATIONS = YES;
				CLANG_WARN_DIRECT_OBJC_ISA_USAGE = YES_ERROR;
				CLANG_WARN_DOCUMENTATION_COMMENTS = YES;
				CLANG_WARN_EMPTY_BODY = YES;
				CLANG_WARN_ENUM_CONVERSION = YES;
				CLANG_WARN_INFINITE_RECURSION = YES;
				CLANG_WARN_INT_CONVERSION = YES;
				CLANG_WARN_NON_LITERAL_NULL_CONVERSION = YES;
				CLANG_WARN_OBJC_IMPLICIT_RETAIN_SELF = YES;
				CLANG_WARN_OBJC_LITERAL_CONVERSION = YES;
				CLANG_WARN_OBJC_ROOT_CLASS = YES_ERROR;
				CLANG_WARN_RANGE_LOOP_ANALYSIS = YES;
				CLANG_WARN_STRICT_PROTOTYPES = YES;
				CLANG_WARN_SUSPICIOUS_MOVE = YES;
				CLANG_WARN_UNGUARDED_AVAILABILITY = YES_AGGRESSIVE;
				CLANG_WARN_UNREACHABLE_CODE = YES;
				CLANG_WARN__DUPLICATE_METHOD_MATCH = YES;
				COPY_PHASE_STRIP = NO;
				DEBUG_INFORMATION_FORMAT = "dwarf-with-dsym";
				ENABLE_NS_ASSERTIONS = NO;
				ENABLE_STRICT_OBJC_MSGSEND = YES;
				GCC_C_LANGUAGE_STANDARD = gnu11;
				GCC_NO_COMMON_BLOCKS = YES;
				GCC_WARN_64_TO_32_BIT_CONVERSION = YES;
				GCC_WARN_ABOUT_RETURN_TYPE = YES_ERROR;
				GCC_WARN_UNDECLARED_SELECTOR = YES;
				GCC_WARN_UNINITIALIZED_AUTOS = YES_AGGRESSIVE;
				GCC_WARN_UNUSED_FUNCTION = YES;
				GCC_WARN_UNUSED_VARIABLE = YES;
				IPHONEOS_DEPLOYMENT_TARGET = 13.2;
				MTL_ENABLE_DEBUG_INFO = NO;
				MTL_FAST_MATH = YES;
				SDKROOT = iphoneos;
				SWIFT_COMPILATION_MODE = wholemodule;
				SWIFT_OPTIMIZATION_LEVEL = "-O";
				VALIDATE_PRODUCT = YES;
			};
			name = Release;
		};
		57577B41242A5D630010E523 /* Debug */ = {
			isa = XCBuildConfiguration;
			buildSettings = {
				ASSETCATALOG_COMPILER_APPICON_NAME = AppIcon;
				CODE_SIGN_STYLE = Automatic;
				DEVELOPMENT_ASSET_PATHS = "\"Neumorphism/Preview Content\"";
				DEVELOPMENT_TEAM = TML83P7F4U;
				ENABLE_PREVIEWS = YES;
				INFOPLIST_FILE = Neumorphism/Info.plist;
				LD_RUNPATH_SEARCH_PATHS = (
					"$(inherited)",
					"@executable_path/Frameworks",
				);
				PRODUCT_BUNDLE_IDENTIFIER = com.zachfrew.Neumorphism;
				PRODUCT_NAME = "$(TARGET_NAME)";
				SWIFT_VERSION = 5.0;
				TARGETED_DEVICE_FAMILY = "1,2";
			};
			name = Debug;
		};
		57577B42242A5D630010E523 /* Release */ = {
			isa = XCBuildConfiguration;
			buildSettings = {
				ASSETCATALOG_COMPILER_APPICON_NAME = AppIcon;
				CODE_SIGN_STYLE = Automatic;
				DEVELOPMENT_ASSET_PATHS = "\"Neumorphism/Preview Content\"";
				DEVELOPMENT_TEAM = TML83P7F4U;
				ENABLE_PREVIEWS = YES;
				INFOPLIST_FILE = Neumorphism/Info.plist;
				LD_RUNPATH_SEARCH_PATHS = (
					"$(inherited)",
					"@executable_path/Frameworks",
				);
				PRODUCT_BUNDLE_IDENTIFIER = com.zachfrew.Neumorphism;
				PRODUCT_NAME = "$(TARGET_NAME)";
				SWIFT_VERSION = 5.0;
				TARGETED_DEVICE_FAMILY = "1,2";
			};
			name = Release;
		};
/* End XCBuildConfiguration section */

/* Begin XCConfigurationList section */
		57577B27242A5D620010E523 /* Build configuration list for PBXProject "Neumorphism" */ = {
			isa = XCConfigurationList;
			buildConfigurations = (
				57577B3E242A5D630010E523 /* Debug */,
				57577B3F242A5D630010E523 /* Release */,
			);
			defaultConfigurationIsVisible = 0;
			defaultConfigurationName = Release;
		};
		57577B40242A5D630010E523 /* Build configuration list for PBXNativeTarget "Neumorphism" */ = {
			isa = XCConfigurationList;
			buildConfigurations = (
				57577B41242A5D630010E523 /* Debug */,
				57577B42242A5D630010E523 /* Release */,
			);
			defaultConfigurationIsVisible = 0;
			defaultConfigurationName = Release;
		};
/* End XCConfigurationList section */
	};
	rootObject = 57577B24242A5D620010E523 /* Project object */;
}
